{
    "_readme": [
        "This file locks the dependencies of your project to a known state",
        "Read more about it at https://getcomposer.org/doc/01-basic-usage.md#composer-lock-the-lock-file",
        "This file is @generated automatically"
    ],
    "hash": "989184d58da0af080f4cc790f1dff983",
    "content-hash": "77cca9f09321543ce3f1f4520acffc9c",
    "packages": [
        {
            "name": "assnr/arphp",
            "version": "v5.1.0",
            "source": {
                "type": "git",
                "url": "https://github.com/assnr/ArPHP.git",
                "reference": "7f90503dbc9c2859754161af2c02d9a29508b9d2"
            },
            "dist": {
                "type": "zip",
                "url": "https://files.phpcomposer.com/files/assnr/ArPHP/7f90503dbc9c2859754161af2c02d9a29508b9d2.zip",
                "reference": "7f90503dbc9c2859754161af2c02d9a29508b9d2",
                "shasum": ""
            },
            "require": {
                "php": ">=5.3.0"
            },
            "type": "library",
            "autoload": {
                "psr-0": {
                    "ar": "src/"
                }
            },
            "notification-url": "https://packagist.org/downloads/",
            "license": [
                "MIT"
            ],
            "authors": [
                {
                    "name": "assnr yc",
                    "email": "ycassnr@gmail.com",
                    "homepage": "http://www.arphp.org"
                }
            ],
            "description": "one high performance php framework for coder as a gift",
            "homepage": "https://github.com/assnr/ArPHP",
            "keywords": [
                "high performance php framework",
                "quick learning php"
            ],
            "time": "2018-01-08 13:22:07"
        }
    ],
    "packages-dev": [],
    "aliases": [],
    "minimum-stability": "stable",
    "stability-flags": [],
    "prefer-stable": false,
    "prefer-lowest": false,
    "platform": [],
    "platform-dev": []
}
